
Microsoft Visual Studio Solution File, Format Version 12.00
# Visual Studio Version 17
VisualStudioVersion = 17.5.33530.505
MinimumVisualStudioVersion = 10.0.40219.1
Project("{2150E333-8FDC-42A3-9474-1A3956D46DE8}") = "Services", "Services", "{D26CD4CB-CB58-4A53-910D-D1E4FA94C606}"
EndProject
Project("{2150E333-8FDC-42A3-9474-1A3956D46DE8}") = "Catalog", "Catalog", "{59930DD1-7116-4057-BA8E-0265A385DBFD}"
EndProject
Project("{9A19103F-16F7-4668-BE54-9A1E7A4F7556}") = "Catalog.API", "Services\Catalog\Catalog.API\Catalog.API.csproj", "{75CA7089-FA42-49AC-83D5-76C43D033A67}"
EndProject
Project("{2150E333-8FDC-42A3-9474-1A3956D46DE8}") = "Solution Items", "Solution Items", "{7FAEEFF1-8D26-4310-A6C4-89089117E67D}"
	ProjectSection(SolutionItems) = preProject
		.editorconfig = .editorconfig
	EndProjectSection
EndProject
Project("{E53339B2-1760-4266-BCC7-CA923CBCF16C}") = "docker-compose", "docker-compose.dcproj", "{7145D0AF-0A8F-4062-AE34-997B4172C29D}"
EndProject
Global
	GlobalSection(SolutionConfigurationPlatforms) = preSolution
		Debug|Any CPU = Debug|Any CPU
		Release|Any CPU = Release|Any CPU
	EndGlobalSection
	GlobalSection(ProjectConfigurationPlatforms) = postSolution
		{75CA7089-FA42-49AC-83D5-76C43D033A67}.Debug|Any CPU.ActiveCfg = Debug|Any CPU
		{75CA7089-FA42-49AC-83D5-76C43D033A67}.Debug|Any CPU.Build.0 = Debug|Any CPU
		{75CA7089-FA42-49AC-83D5-76C43D033A67}.Release|Any CPU.ActiveCfg = Release|Any CPU
		{75CA7089-FA42-49AC-83D5-76C43D033A67}.Release|Any CPU.Build.0 = Release|Any CPU
		{7145D0AF-0A8F-4062-AE34-997B4172C29D}.Debug|Any CPU.ActiveCfg = Debug|Any CPU
		{7145D0AF-0A8F-4062-AE34-997B4172C29D}.Debug|Any CPU.Build.0 = Debug|Any CPU
		{7145D0AF-0A8F-4062-AE34-997B4172C29D}.Release|Any CPU.ActiveCfg = Release|Any CPU
		{7145D0AF-0A8F-4062-AE34-997B4172C29D}.Release|Any CPU.Build.0 = Release|Any CPU
	EndGlobalSection
	GlobalSection(SolutionProperties) = preSolution
		HideSolutionNode = FALSE
	EndGlobalSection
	GlobalSection(NestedProjects) = preSolution
		{59930DD1-7116-4057-BA8E-0265A385DBFD} = {D26CD4CB-CB58-4A53-910D-D1E4FA94C606}
		{75CA7089-FA42-49AC-83D5-76C43D033A67} = {59930DD1-7116-4057-BA8E-0265A385DBFD}
	EndGlobalSection
	GlobalSection(ExtensibilityGlobals) = postSolution
		SolutionGuid = {346E162A-0CD6-43D9-AADF-A9B32CE5B71A}
	EndGlobalSection
EndGlobal
