
Microsoft Visual Studio Solution File, Format Version 12.00
# Visual Studio Version 17
VisualStudioVersion = 17.5.33530.505
MinimumVisualStudioVersion = 10.0.40219.1
Project("{2150E333-8FDC-42A3-9474-1A3956D46DE8}") = "Services", "Services", "{D26CD4CB-CB58-4A53-910D-D1E4FA94C606}"
EndProject
Project("{2150E333-8FDC-42A3-9474-1A3956D46DE8}") = "Catalog", "Catalog", "{59930DD1-7116-4057-BA8E-0265A385DBFD}"
EndProject
Project("{9A19103F-16F7-4668-BE54-9A1E7A4F7556}") = "Catalog.API", "Services\Catalog\Catalog.API\Catalog.API.csproj", "{75CA7089-FA42-49AC-83D5-76C43D033A67}"
EndProject
Project("{2150E333-8FDC-42A3-9474-1A3956D46DE8}") = "Solution Items", "Solution Items", "{7FAEEFF1-8D26-4310-A6C4-89089117E67D}"
	ProjectSection(SolutionItems) = preProject
		.editorconfig = .editorconfig
	EndProjectSection
EndProject
Project("{E53339B2-1760-4266-BCC7-CA923CBCF16C}") = "docker-compose", "docker-compose.dcproj", "{7145D0AF-0A8F-4062-AE34-997B4172C29D}"
EndProject
Project("{2150E333-8FDC-42A3-9474-1A3956D46DE8}") = "Basket", "Basket", "{4E8041BA-4FE9-466A-B4C1-AB0CF356F4FF}"
EndProject
Project("{9A19103F-16F7-4668-BE54-9A1E7A4F7556}") = "Basket.API", "Services\Basket\Basket.API\Basket.API.csproj", "{4D48FDFE-A981-493F-B6C1-A476B781419A}"
EndProject
Project("{2150E333-8FDC-42A3-9474-1A3956D46DE8}") = "Discount", "Discount", "{6C2CC7F5-F4FE-417F-89A1-906AAD85CA77}"
EndProject
Project("{FAE04EC0-301F-11D3-BF4B-00C04F79EFBC}") = "Discount.API", "Services\Discount\Discount.API\Discount.API.csproj", "{21D7E2D1-E853-4888-B39F-DBAA4FE21ED9}"
EndProject
Project("{FAE04EC0-301F-11D3-BF4B-00C04F79EFBC}") = "Discount.Grpc", "Services\Discount\Discount.Grpc\Discount.Grpc.csproj", "{4E44768E-0613-4543-A661-EB1E76F910C4}"
EndProject
Project("{2150E333-8FDC-42A3-9474-1A3956D46DE8}") = "Ordering", "Ordering", "{5F60CD07-44A7-467D-9ACA-623AF7B09583}"
EndProject
Project("{FAE04EC0-301F-11D3-BF4B-00C04F79EFBC}") = "Ordering.API", "Services\Ordering\Ordering.API\Ordering.API.csproj", "{E1B156EF-0588-44DD-8120-EB794EA9B4BD}"
EndProject
Project("{FAE04EC0-301F-11D3-BF4B-00C04F79EFBC}") = "Ordering.Domain", "Services\Ordering\Ordering.Domain\Ordering.Domain.csproj", "{BDCA5AF6-6E1C-4934-806C-B9FD0382E5B1}"
EndProject
Project("{FAE04EC0-301F-11D3-BF4B-00C04F79EFBC}") = "Ordering.Application", "Services\Ordering\Ordering.Application\Ordering.Application.csproj", "{7F30E7BE-C76C-46A9-845C-C4835465B466}"
EndProject
Project("{FAE04EC0-301F-11D3-BF4B-00C04F79EFBC}") = "Ordering.Infrastructure", "Services\Ordering\Ordering.Infrastructure\Ordering.Infrastructure.csproj", "{6274A70E-66A6-416D-866D-72879A382629}"
EndProject
Global
	GlobalSection(SolutionConfigurationPlatforms) = preSolution
		Debug|Any CPU = Debug|Any CPU
		Release|Any CPU = Release|Any CPU
	EndGlobalSection
	GlobalSection(ProjectConfigurationPlatforms) = postSolution
		{75CA7089-FA42-49AC-83D5-76C43D033A67}.Debug|Any CPU.ActiveCfg = Debug|Any CPU
		{75CA7089-FA42-49AC-83D5-76C43D033A67}.Debug|Any CPU.Build.0 = Debug|Any CPU
		{75CA7089-FA42-49AC-83D5-76C43D033A67}.Release|Any CPU.ActiveCfg = Release|Any CPU
		{75CA7089-FA42-49AC-83D5-76C43D033A67}.Release|Any CPU.Build.0 = Release|Any CPU
		{7145D0AF-0A8F-4062-AE34-997B4172C29D}.Debug|Any CPU.ActiveCfg = Debug|Any CPU
		{7145D0AF-0A8F-4062-AE34-997B4172C29D}.Debug|Any CPU.Build.0 = Debug|Any CPU
		{7145D0AF-0A8F-4062-AE34-997B4172C29D}.Release|Any CPU.ActiveCfg = Release|Any CPU
		{7145D0AF-0A8F-4062-AE34-997B4172C29D}.Release|Any CPU.Build.0 = Release|Any CPU
		{4D48FDFE-A981-493F-B6C1-A476B781419A}.Debug|Any CPU.ActiveCfg = Debug|Any CPU
		{4D48FDFE-A981-493F-B6C1-A476B781419A}.Debug|Any CPU.Build.0 = Debug|Any CPU
		{4D48FDFE-A981-493F-B6C1-A476B781419A}.Release|Any CPU.ActiveCfg = Release|Any CPU
		{4D48FDFE-A981-493F-B6C1-A476B781419A}.Release|Any CPU.Build.0 = Release|Any CPU
		{21D7E2D1-E853-4888-B39F-DBAA4FE21ED9}.Debug|Any CPU.ActiveCfg = Debug|Any CPU
		{21D7E2D1-E853-4888-B39F-DBAA4FE21ED9}.Debug|Any CPU.Build.0 = Debug|Any CPU
		{21D7E2D1-E853-4888-B39F-DBAA4FE21ED9}.Release|Any CPU.ActiveCfg = Release|Any CPU
		{21D7E2D1-E853-4888-B39F-DBAA4FE21ED9}.Release|Any CPU.Build.0 = Release|Any CPU
		{4E44768E-0613-4543-A661-EB1E76F910C4}.Debug|Any CPU.ActiveCfg = Debug|Any CPU
		{4E44768E-0613-4543-A661-EB1E76F910C4}.Debug|Any CPU.Build.0 = Debug|Any CPU
		{4E44768E-0613-4543-A661-EB1E76F910C4}.Release|Any CPU.ActiveCfg = Release|Any CPU
		{4E44768E-0613-4543-A661-EB1E76F910C4}.Release|Any CPU.Build.0 = Release|Any CPU
		{E1B156EF-0588-44DD-8120-EB794EA9B4BD}.Debug|Any CPU.ActiveCfg = Debug|Any CPU
		{E1B156EF-0588-44DD-8120-EB794EA9B4BD}.Debug|Any CPU.Build.0 = Debug|Any CPU
		{E1B156EF-0588-44DD-8120-EB794EA9B4BD}.Release|Any CPU.ActiveCfg = Release|Any CPU
		{E1B156EF-0588-44DD-8120-EB794EA9B4BD}.Release|Any CPU.Build.0 = Release|Any CPU
		{BDCA5AF6-6E1C-4934-806C-B9FD0382E5B1}.Debug|Any CPU.ActiveCfg = Debug|Any CPU
		{BDCA5AF6-6E1C-4934-806C-B9FD0382E5B1}.Debug|Any CPU.Build.0 = Debug|Any CPU
		{BDCA5AF6-6E1C-4934-806C-B9FD0382E5B1}.Release|Any CPU.ActiveCfg = Release|Any CPU
		{BDCA5AF6-6E1C-4934-806C-B9FD0382E5B1}.Release|Any CPU.Build.0 = Release|Any CPU
		{7F30E7BE-C76C-46A9-845C-C4835465B466}.Debug|Any CPU.ActiveCfg = Debug|Any CPU
		{7F30E7BE-C76C-46A9-845C-C4835465B466}.Debug|Any CPU.Build.0 = Debug|Any CPU
		{7F30E7BE-C76C-46A9-845C-C4835465B466}.Release|Any CPU.ActiveCfg = Release|Any CPU
		{7F30E7BE-C76C-46A9-845C-C4835465B466}.Release|Any CPU.Build.0 = Release|Any CPU
		{6274A70E-66A6-416D-866D-72879A382629}.Debug|Any CPU.ActiveCfg = Debug|Any CPU
		{6274A70E-66A6-416D-866D-72879A382629}.Debug|Any CPU.Build.0 = Debug|Any CPU
		{6274A70E-66A6-416D-866D-72879A382629}.Release|Any CPU.ActiveCfg = Release|Any CPU
		{6274A70E-66A6-416D-866D-72879A382629}.Release|Any CPU.Build.0 = Release|Any CPU
	EndGlobalSection
	GlobalSection(SolutionProperties) = preSolution
		HideSolutionNode = FALSE
	EndGlobalSection
	GlobalSection(NestedProjects) = preSolution
		{59930DD1-7116-4057-BA8E-0265A385DBFD} = {D26CD4CB-CB58-4A53-910D-D1E4FA94C606}
		{75CA7089-FA42-49AC-83D5-76C43D033A67} = {59930DD1-7116-4057-BA8E-0265A385DBFD}
		{4E8041BA-4FE9-466A-B4C1-AB0CF356F4FF} = {D26CD4CB-CB58-4A53-910D-D1E4FA94C606}
		{4D48FDFE-A981-493F-B6C1-A476B781419A} = {4E8041BA-4FE9-466A-B4C1-AB0CF356F4FF}
		{6C2CC7F5-F4FE-417F-89A1-906AAD85CA77} = {D26CD4CB-CB58-4A53-910D-D1E4FA94C606}
		{21D7E2D1-E853-4888-B39F-DBAA4FE21ED9} = {6C2CC7F5-F4FE-417F-89A1-906AAD85CA77}
		{4E44768E-0613-4543-A661-EB1E76F910C4} = {6C2CC7F5-F4FE-417F-89A1-906AAD85CA77}
		{5F60CD07-44A7-467D-9ACA-623AF7B09583} = {D26CD4CB-CB58-4A53-910D-D1E4FA94C606}
		{E1B156EF-0588-44DD-8120-EB794EA9B4BD} = {5F60CD07-44A7-467D-9ACA-623AF7B09583}
		{BDCA5AF6-6E1C-4934-806C-B9FD0382E5B1} = {5F60CD07-44A7-467D-9ACA-623AF7B09583}
		{7F30E7BE-C76C-46A9-845C-C4835465B466} = {5F60CD07-44A7-467D-9ACA-623AF7B09583}
		{6274A70E-66A6-416D-866D-72879A382629} = {5F60CD07-44A7-467D-9ACA-623AF7B09583}
	EndGlobalSection
	GlobalSection(ExtensibilityGlobals) = postSolution
		SolutionGuid = {346E162A-0CD6-43D9-AADF-A9B32CE5B71A}
	EndGlobalSection
EndGlobal
